schema: '2.0'
stages:
  train:
    cmd: python dvc_pipeline/train.py
    deps:
    - path: dvc_pipeline/X.csv
      hash: md5
      md5: 7d590865f797d0e66307c84bcbeb5f20
      size: 475
    - path: dvc_pipeline/y.csv
      hash: md5
      md5: 8870354405a58d988cee938d17b8b147
      size: 475
    params:
      params.yaml:
        train.C: 1.0
    outs:
    - path: dvc_pipeline/output/model.pkl
      hash: md5
      md5: 8870b57c4d4f27ff0224bacf480a5838
      size: 1167
