schema: '2.0'
stages:
  train:
    cmd: python train.py
    deps:
    - path: y.csv
      hash: md5
      md5: 8870354405a58d988cee938d17b8b147
      size: 475
    params:
      params.yaml:
        train.C: 51
    outs:
    - path: output/model.pkl
      hash: md5
      md5: 3598965abc57f57056364378bf7ff842
      size: 1167
    - path: output/score.json
      hash: md5
      md5: ca9bf21185f99a4391187c9f124d2cf3
      size: 26
  prepare:
    cmd: python prepare.py
    params:
      params.yaml:
        prepare.data_path: fake_data.csv
