schema: '2.0'
stages:
  train:
    cmd: python train.py
    deps:
    - path: X.csv
      hash: md5
      md5: 7d590865f797d0e66307c84bcbeb5f20
      size: 475
    - path: y.csv
      hash: md5
      md5: 8870354405a58d988cee938d17b8b147
      size: 475
    params:
      params.yaml:
        train.C: 0.5
    outs:
    - path: output/model.pkl
      hash: md5
      md5: 4e2a8fc9a749f2fc259a8eb473d87d0a
      size: 1167
    - path: output/score.txt
      hash: md5
      md5: 292aa80b527606ab31c0ebaf788bd747
      size: 27
  prepare:
    cmd: python prepare.py
    params:
      params.yaml:
        prepare.data_path: fake_data.csv
