schema: '2.0'
stages:
  train:
    cmd: python train.py
    deps:
    - path: X.csv
      hash: md5
      md5: 7d590865f797d0e66307c84bcbeb5f20
      size: 475
    - path: y.csv
      hash: md5
      md5: 8870354405a58d988cee938d17b8b147
      size: 475
    params:
      params.yaml:
        train.C: 11
    outs:
    - path: output/model.pkl
      hash: md5
      md5: c24e387863fc144cbd475e918c27a3d4
      size: 1167
    - path: output/score.json
      hash: md5
      md5: dec5611f71e3387ed28e2f950976de89
      size: 26
  prepare:
    cmd: python prepare.py
    params:
      params.yaml:
        prepare.data_path: fake_data.csv
